
Microsoft Visual Studio Solution File, Format Version 12.00
# Visual Studio Version 16
VisualStudioVersion = 16.0.32901.82
MinimumVisualStudioVersion = 10.0.40219.1
Project("{FAE04EC0-301F-11D3-BF4B-00C04F79EFBC}") = "login", "login\login.csproj", "{97A7BA65-D779-4D2E-B685-02DC29086F81}"
EndProject
Global
	GlobalSection(SolutionConfigurationPlatforms) = preSolution
		Debug|Any CPU = Debug|Any CPU
		Release|Any CPU = Release|Any CPU
	EndGlobalSection
	GlobalSection(ProjectConfigurationPlatforms) = postSolution
		{97A7BA65-D779-4D2E-B685-02DC29086F81}.Debug|Any CPU.ActiveCfg = Debug|Any CPU
		{97A7BA65-D779-4D2E-B685-02DC29086F81}.Debug|Any CPU.Build.0 = Debug|Any CPU
		{97A7BA65-D779-4D2E-B685-02DC29086F81}.Release|Any CPU.ActiveCfg = Release|Any CPU
		{97A7BA65-D779-4D2E-B685-02DC29086F81}.Release|Any CPU.Build.0 = Release|Any CPU
	EndGlobalSection
	GlobalSection(SolutionProperties) = preSolution
		HideSolutionNode = FALSE
	EndGlobalSection
	GlobalSection(ExtensibilityGlobals) = postSolution
		SolutionGuid = {3BFCD6F0-0B1B-461B-80BC-12F344D21C3D}
	EndGlobalSection
EndGlobal
